// !$*UTF8*$!
{
	archiveVersion = 1;
	classes = {
	};
	objectVersion = 48;
	objects = {

/* Begin PBXBuildFile section */
		EFC518B01FEFF24600167AA7 /* AppDelegate.swift in Sources */ = {isa = PBXBuildFile; fileRef = EFC518AF1FEFF24600167AA7 /* AppDelegate.swift */; };
		EFC518B21FEFF24600167AA7 /* ViewController.swift in Sources */ = {isa = PBXBuildFile; fileRef = EFC518B11FEFF24600167AA7 /* ViewController.swift */; };
		EFC518B51FEFF24600167AA7 /* Main.storyboard in Resources */ = {isa = PBXBuildFile; fileRef = EFC518B31FEFF24600167AA7 /* Main.storyboard */; };
		EFC518B71FEFF24600167AA7 /* Assets.xcassets in Resources */ = {isa = PBXBuildFile; fileRef = EFC518B61FEFF24600167AA7 /* Assets.xcassets */; };
		EFC518BA1FEFF24600167AA7 /* LaunchScreen.storyboard in Resources */ = {isa = PBXBuildFile; fileRef = EFC518B81FEFF24600167AA7 /* LaunchScreen.storyboard */; };
		EFC518C51FEFF24700167AA7 /* Silly_SongTests.swift in Sources */ = {isa = PBXBuildFile; fileRef = EFC518C41FEFF24700167AA7 /* Silly_SongTests.swift */; };
		EFC518D01FEFF24700167AA7 /* Silly_SongUITests.swift in Sources */ = {isa = PBXBuildFile; fileRef = EFC518CF1FEFF24700167AA7 /* Silly_SongUITests.swift */; };
/* End PBXBuildFile section */

/* Begin PBXContainerItemProxy section */
		EFC518C11FEFF24700167AA7 /* PBXContainerItemProxy */ = {
			isa = PBXContainerItemProxy;
			containerPortal = EFC518A41FEFF24600167AA7 /* Project object */;
			proxyType = 1;
			remoteGlobalIDString = EFC518AB1FEFF24600167AA7;
			remoteInfo = "Silly Song";
		};
		EFC518CC1FEFF24700167AA7 /* PBXContainerItemProxy */ = {
			isa = PBXContainerItemProxy;
			containerPortal = EFC518A41FEFF24600167AA7 /* Project object */;
			proxyType = 1;
			remoteGlobalIDString = EFC518AB1FEFF24600167AA7;
			remoteInfo = "Silly Song";
		};
/* End PBXContainerItemProxy section */

/* Begin PBXFileReference section */
		EFC518AC1FEFF24600167AA7 /* Silly Song.app */ = {isa = PBXFileReference; explicitFileType = wrapper.application; includeInIndex = 0; path = "Silly Song.app"; sourceTree = BUILT_PRODUCTS_DIR; };
		EFC518AF1FEFF24600167AA7 /* AppDelegate.swift */ = {isa = PBXFileReference; lastKnownFileType = sourcecode.swift; path = AppDelegate.swift; sourceTree = "<group>"; };
		EFC518B11FEFF24600167AA7 /* ViewController.swift */ = {isa = PBXFileReference; lastKnownFileType = sourcecode.swift; path = ViewController.swift; sourceTree = "<group>"; };
		EFC518B41FEFF24600167AA7 /* Base */ = {isa = PBXFileReference; lastKnownFileType = file.storyboard; name = Base; path = Base.lproj/Main.storyboard; sourceTree = "<group>"; };
		EFC518B61FEFF24600167AA7 /* Assets.xcassets */ = {isa = PBXFileReference; lastKnownFileType = folder.assetcatalog; path = Assets.xcassets; sourceTree = "<group>"; };
		EFC518B91FEFF24600167AA7 /* Base */ = {isa = PBXFileReference; lastKnownFileType = file.storyboard; name = Base; path = Base.lproj/LaunchScreen.storyboard; sourceTree = "<group>"; };
		EFC518BB1FEFF24700167AA7 /* Info.plist */ = {isa = PBXFileReference; lastKnownFileType = text.plist.xml; path = Info.plist; sourceTree = "<group>"; };
		EFC518C01FEFF24700167AA7 /* Silly SongTests.xctest */ = {isa = PBXFileReference; explicitFileType = wrapper.cfbundle; includeInIndex = 0; path = "Silly SongTests.xctest"; sourceTree = BUILT_PRODUCTS_DIR; };
		EFC518C41FEFF24700167AA7 /* Silly_SongTests.swift */ = {isa = PBXFileReference; lastKnownFileType = sourcecode.swift; path = Silly_SongTests.swift; sourceTree = "<group>"; };
		EFC518C61FEFF24700167AA7 /* Info.plist */ = {isa = PBXFileReference; lastKnownFileType = text.plist.xml; path = Info.plist; sourceTree = "<group>"; };
		EFC518CB1FEFF24700167AA7 /* Silly SongUITests.xctest */ = {isa = PBXFileReference; explicitFileType = wrapper.cfbundle; includeInIndex = 0; path = "Silly SongUITests.xctest"; sourceTree = BUILT_PRODUCTS_DIR; };
		EFC518CF1FEFF24700167AA7 /* Silly_SongUITests.swift */ = {isa = PBXFileReference; lastKnownFileType = sourcecode.swift; path = Silly_SongUITests.swift; sourceTree = "<group>"; };
		EFC518D11FEFF24700167AA7 /* Info.plist */ = {isa = PBXFileReference; lastKnownFileType = text.plist.xml; path = Info.plist; sourceTree = "<group>"; };
/* End PBXFileReference section */

/* Begin PBXFrameworksBuildPhase section */
		EFC518A91FEFF24600167AA7 /* Frameworks */ = {
			isa = PBXFrameworksBuildPhase;
			buildActionMask = 2147483647;
			files = (
			);
			runOnlyForDeploymentPostprocessing = 0;
		};
		EFC518BD1FEFF24700167AA7 /* Frameworks */ = {
			isa = PBXFrameworksBuildPhase;
			buildActionMask = 2147483647;
			files = (
			);
			runOnlyForDeploymentPostprocessing = 0;
		};
		EFC518C81FEFF24700167AA7 /* Frameworks */ = {
			isa = PBXFrameworksBuildPhase;
			buildActionMask = 2147483647;
			files = (
			);
			runOnlyForDeploymentPostprocessing = 0;
		};
/* End PBXFrameworksBuildPhase section */

/* Begin PBXGroup section */
		EFC518A31FEFF24600167AA7 = {
			isa = PBXGroup;
			children = (
				EFC518AE1FEFF24600167AA7 /* Silly Song */,
				EFC518C31FEFF24700167AA7 /* Silly SongTests */,
				EFC518CE1FEFF24700167AA7 /* Silly SongUITests */,
				EFC518AD1FEFF24600167AA7 /* Products */,
			);
			sourceTree = "<group>";
		};
		EFC518AD1FEFF24600167AA7 /* Products */ = {
			isa = PBXGroup;
			children = (
				EFC518AC1FEFF24600167AA7 /* Silly Song.app */,
				EFC518C01FEFF24700167AA7 /* Silly SongTests.xctest */,
				EFC518CB1FEFF24700167AA7 /* Silly SongUITests.xctest */,
			);
			name = Products;
			sourceTree = "<group>";
		};
		EFC518AE1FEFF24600167AA7 /* Silly Song */ = {
			isa = PBXGroup;
			children = (
				EFC518AF1FEFF24600167AA7 /* AppDelegate.swift */,
				EFC518B11FEFF24600167AA7 /* ViewController.swift */,
				EFC518B31FEFF24600167AA7 /* Main.storyboard */,
				EFC518B61FEFF24600167AA7 /* Assets.xcassets */,
				EFC518B81FEFF24600167AA7 /* LaunchScreen.storyboard */,
				EFC518BB1FEFF24700167AA7 /* Info.plist */,
			);
			path = "Silly Song";
			sourceTree = "<group>";
		};
		EFC518C31FEFF24700167AA7 /* Silly SongTests */ = {
			isa = PBXGroup;
			children = (
				EFC518C41FEFF24700167AA7 /* Silly_SongTests.swift */,
				EFC518C61FEFF24700167AA7 /* Info.plist */,
			);
			path = "Silly SongTests";
			sourceTree = "<group>";
		};
		EFC518CE1FEFF24700167AA7 /* Silly SongUITests */ = {
			isa = PBXGroup;
			children = (
				EFC518CF1FEFF24700167AA7 /* Silly_SongUITests.swift */,
				EFC518D11FEFF24700167AA7 /* Info.plist */,
			);
			path = "Silly SongUITests";
			sourceTree = "<group>";
		};
/* End PBXGroup section */

/* Begin PBXNativeTarget section */
		EFC518AB1FEFF24600167AA7 /* Silly Song */ = {
			isa = PBXNativeTarget;
			buildConfigurationList = EFC518D41FEFF24700167AA7 /* Build configuration list for PBXNativeTarget "Silly Song" */;
			buildPhases = (
				EFC518A81FEFF24600167AA7 /* Sources */,
				EFC518A91FEFF24600167AA7 /* Frameworks */,
				EFC518AA1FEFF24600167AA7 /* Resources */,
			);
			buildRules = (
			);
			dependencies = (
			);
			name = "Silly Song";
			productName = "Silly Song";
			productReference = EFC518AC1FEFF24600167AA7 /* Silly Song.app */;
			productType = "com.apple.product-type.application";
		};
		EFC518BF1FEFF24700167AA7 /* Silly SongTests */ = {
			isa = PBXNativeTarget;
			buildConfigurationList = EFC518D71FEFF24700167AA7 /* Build configuration list for PBXNativeTarget "Silly SongTests" */;
			buildPhases = (
				EFC518BC1FEFF24700167AA7 /* Sources */,
				EFC518BD1FEFF24700167AA7 /* Frameworks */,
				EFC518BE1FEFF24700167AA7 /* Resources */,
			);
			buildRules = (
			);
			dependencies = (
				EFC518C21FEFF24700167AA7 /* PBXTargetDependency */,
			);
			name = "Silly SongTests";
			productName = "Silly SongTests";
			productReference = EFC518C01FEFF24700167AA7 /* Silly SongTests.xctest */;
			productType = "com.apple.product-type.bundle.unit-test";
		};
		EFC518CA1FEFF24700167AA7 /* Silly SongUITests */ = {
			isa = PBXNativeTarget;
			buildConfigurationList = EFC518DA1FEFF24700167AA7 /* Build configuration list for PBXNativeTarget "Silly SongUITests" */;
			buildPhases = (
				EFC518C71FEFF24700167AA7 /* Sources */,
				EFC518C81FEFF24700167AA7 /* Frameworks */,
				EFC518C91FEFF24700167AA7 /* Resources */,
			);
			buildRules = (
			);
			dependencies = (
				EFC518CD1FEFF24700167AA7 /* PBXTargetDependency */,
			);
			name = "Silly SongUITests";
			productName = "Silly SongUITests";
			productReference = EFC518CB1FEFF24700167AA7 /* Silly SongUITests.xctest */;
			productType = "com.apple.product-type.bundle.ui-testing";
		};
/* End PBXNativeTarget section */

/* Begin PBXProject section */
		EFC518A41FEFF24600167AA7 /* Project object */ = {
			isa = PBXProject;
			attributes = {
				LastSwiftUpdateCheck = 0920;
				LastUpgradeCheck = 0920;
				ORGANIZATIONNAME = "Paulo Henrique Lerbach Rodrigues";
				TargetAttributes = {
					EFC518AB1FEFF24600167AA7 = {
						CreatedOnToolsVersion = 9.2;
						ProvisioningStyle = Automatic;
					};
					EFC518BF1FEFF24700167AA7 = {
						CreatedOnToolsVersion = 9.2;
						ProvisioningStyle = Automatic;
						TestTargetID = EFC518AB1FEFF24600167AA7;
					};
					EFC518CA1FEFF24700167AA7 = {
						CreatedOnToolsVersion = 9.2;
						ProvisioningStyle = Automatic;
						TestTargetID = EFC518AB1FEFF24600167AA7;
					};
				};
			};
			buildConfigurationList = EFC518A71FEFF24600167AA7 /* Build configuration list for PBXProject "Silly Song" */;
			compatibilityVersion = "Xcode 8.0";
			developmentRegion = en;
			hasScannedForEncodings = 0;
			knownRegions = (
				en,
				Base,
			);
			mainGroup = EFC518A31FEFF24600167AA7;
			productRefGroup = EFC518AD1FEFF24600167AA7 /* Products */;
			projectDirPath = "";
			projectRoot = "";
			targets = (
				EFC518AB1FEFF24600167AA7 /* Silly Song */,
				EFC518BF1FEFF24700167AA7 /* Silly SongTests */,
				EFC518CA1FEFF24700167AA7 /* Silly SongUITests */,
			);
		};
/* End PBXProject section */

/* Begin PBXResourcesBuildPhase section */
		EFC518AA1FEFF24600167AA7 /* Resources */ = {
			isa = PBXResourcesBuildPhase;
			buildActionMask = 2147483647;
			files = (
				EFC518BA1FEFF24600167AA7 /* LaunchScreen.storyboard in Resources */,
				EFC518B71FEFF24600167AA7 /* Assets.xcassets in Resources */,
				EFC518B51FEFF24600167AA7 /* Main.storyboard in Resources */,
			);
			runOnlyForDeploymentPostprocessing = 0;
		};
		EFC518BE1FEFF24700167AA7 /* Resources */ = {
			isa = PBXResourcesBuildPhase;
			buildActionMask = 2147483647;
			files = (
			);
			runOnlyForDeploymentPostprocessing = 0;
		};
		EFC518C91FEFF24700167AA7 /* Resources */ = {
			isa = PBXResourcesBuildPhase;
			buildActionMask = 2147483647;
			files = (
			);
			runOnlyForDeploymentPostprocessing = 0;
		};
/* End PBXResourcesBuildPhase section */

/* Begin PBXSourcesBuildPhase section */
		EFC518A81FEFF24600167AA7 /* Sources */ = {
			isa = PBXSourcesBuildPhase;
			buildActionMask = 2147483647;
			files = (
				EFC518B21FEFF24600167AA7 /* ViewController.swift in Sources */,
				EFC518B01FEFF24600167AA7 /* AppDelegate.swift in Sources */,
			);
			runOnlyForDeploymentPostprocessing = 0;
		};
		EFC518BC1FEFF24700167AA7 /* Sources */ = {
			isa = PBXSourcesBuildPhase;
			buildActionMask = 2147483647;
			files = (
				EFC518C51FEFF24700167AA7 /* Silly_SongTests.swift in Sources */,
			);
			runOnlyForDeploymentPostprocessing = 0;
		};
		EFC518C71FEFF24700167AA7 /* Sources */ = {
			isa = PBXSourcesBuildPhase;
			buildActionMask = 2147483647;
			files = (
				EFC518D01FEFF24700167AA7 /* Silly_SongUITests.swift in Sources */,
			);
			runOnlyForDeploymentPostprocessing = 0;
		};
/* End PBXSourcesBuildPhase section */

/* Begin PBXTargetDependency section */
		EFC518C21FEFF24700167AA7 /* PBXTargetDependency */ = {
			isa = PBXTargetDependency;
			target = EFC518AB1FEFF24600167AA7 /* Silly Song */;
			targetProxy = EFC518C11FEFF24700167AA7 /* PBXContainerItemProxy */;
		};
		EFC518CD1FEFF24700167AA7 /* PBXTargetDependency */ = {
			isa = PBXTargetDependency;
			target = EFC518AB1FEFF24600167AA7 /* Silly Song */;
			targetProxy = EFC518CC1FEFF24700167AA7 /* PBXContainerItemProxy */;
		};
/* End PBXTargetDependency section */

/* Begin PBXVariantGroup section */
		EFC518B31FEFF24600167AA7 /* Main.storyboard */ = {
			isa = PBXVariantGroup;
			children = (
				EFC518B41FEFF24600167AA7 /* Base */,
			);
			name = Main.storyboard;
			sourceTree = "<group>";
		};
		EFC518B81FEFF24600167AA7 /* LaunchScreen.storyboard */ = {
			isa = PBXVariantGroup;
			children = (
				EFC518B91FEFF24600167AA7 /* Base */,
			);
			name = LaunchScreen.storyboard;
			sourceTree = "<group>";
		};
/* End PBXVariantGroup section */

/* Begin XCBuildConfiguration section */
		EFC518D21FEFF24700167AA7 /* Debug */ = {
			isa = XCBuildConfiguration;
			buildSettings = {
				ALWAYS_SEARCH_USER_PATHS = NO;
				CLANG_ANALYZER_NONNULL = YES;
				CLANG_ANALYZER_NUMBER_OBJECT_CONVERSION = YES_AGGRESSIVE;
				CLANG_CXX_LANGUAGE_STANDARD = "gnu++14";
				CLANG_CXX_LIBRARY = "libc++";
				CLANG_ENABLE_MODULES = YES;
				CLANG_ENABLE_OBJC_ARC = YES;
				CLANG_WARN_BLOCK_CAPTURE_AUTORELEASING = YES;
				CLANG_WARN_BOOL_CONVERSION = YES;
				CLANG_WARN_COMMA = YES;
				CLANG_WARN_CONSTANT_CONVERSION = YES;
				CLANG_WARN_DIRECT_OBJC_ISA_USAGE = YES_ERROR;
				CLANG_WARN_DOCUMENTATION_COMMENTS = YES;
				CLANG_WARN_EMPTY_BODY = YES;
				CLANG_WARN_ENUM_CONVERSION = YES;
				CLANG_WARN_INFINITE_RECURSION = YES;
				CLANG_WARN_INT_CONVERSION = YES;
				CLANG_WARN_NON_LITERAL_NULL_CONVERSION = YES;
				CLANG_WARN_OBJC_LITERAL_CONVERSION = YES;
				CLANG_WARN_OBJC_ROOT_CLASS = YES_ERROR;
				CLANG_WARN_RANGE_LOOP_ANALYSIS = YES;
				CLANG_WARN_STRICT_PROTOTYPES = YES;
				CLANG_WARN_SUSPICIOUS_MOVE = YES;
				CLANG_WARN_UNGUARDED_AVAILABILITY = YES_AGGRESSIVE;
				CLANG_WARN_UNREACHABLE_CODE = YES;
				CLANG_WARN__DUPLICATE_METHOD_MATCH = YES;
				CODE_SIGN_IDENTITY = "iPhone Developer";
				COPY_PHASE_STRIP = NO;
				DEBUG_INFORMATION_FORMAT = dwarf;
				ENABLE_STRICT_OBJC_MSGSEND = YES;
				ENABLE_TESTABILITY = YES;
				GCC_C_LANGUAGE_STANDARD = gnu11;
				GCC_DYNAMIC_NO_PIC = NO;
				GCC_NO_COMMON_BLOCKS = YES;
				GCC_OPTIMIZATION_LEVEL = 0;
				GCC_PREPROCESSOR_DEFINITIONS = (
					"DEBUG=1",
					"$(inherited)",
				);
				GCC_WARN_64_TO_32_BIT_CONVERSION = YES;
				GCC_WARN_ABOUT_RETURN_TYPE = YES_ERROR;
				GCC_WARN_UNDECLARED_SELECTOR = YES;
				GCC_WARN_UNINITIALIZED_AUTOS = YES_AGGRESSIVE;
				GCC_WARN_UNUSED_FUNCTION = YES;
				GCC_WARN_UNUSED_VARIABLE = YES;
				IPHONEOS_DEPLOYMENT_TARGET = 11.2;
				MTL_ENABLE_DEBUG_INFO = YES;
				ONLY_ACTIVE_ARCH = YES;
				SDKROOT = iphoneos;
				SWIFT_ACTIVE_COMPILATION_CONDITIONS = DEBUG;
				SWIFT_OPTIMIZATION_LEVEL = "-Onone";
			};
			name = Debug;
		};
		EFC518D31FEFF24700167AA7 /* Release */ = {
			isa = XCBuildConfiguration;
			buildSettings = {
				ALWAYS_SEARCH_USER_PATHS = NO;
				CLANG_ANALYZER_NONNULL = YES;
				CLANG_ANALYZER_NUMBER_OBJECT_CONVERSION = YES_AGGRESSIVE;
				CLANG_CXX_LANGUAGE_STANDARD = "gnu++14";
				CLANG_CXX_LIBRARY = "libc++";
				CLANG_ENABLE_MODULES = YES;
				CLANG_ENABLE_OBJC_ARC = YES;
				CLANG_WARN_BLOCK_CAPTURE_AUTORELEASING = YES;
				CLANG_WARN_BOOL_CONVERSION = YES;
				CLANG_WARN_COMMA = YES;
				CLANG_WARN_CONSTANT_CONVERSION = YES;
				CLANG_WARN_DIRECT_OBJC_ISA_USAGE = YES_ERROR;
				CLANG_WARN_DOCUMENTATION_COMMENTS = YES;
				CLANG_WARN_EMPTY_BODY = YES;
				CLANG_WARN_ENUM_CONVERSION = YES;
				CLANG_WARN_INFINITE_RECURSION = YES;
				CLANG_WARN_INT_CONVERSION = YES;
				CLANG_WARN_NON_LITERAL_NULL_CONVERSION = YES;
				CLANG_WARN_OBJC_LITERAL_CONVERSION = YES;
				CLANG_WARN_OBJC_ROOT_CLASS = YES_ERROR;
				CLANG_WARN_RANGE_LOOP_ANALYSIS = YES;
				CLANG_WARN_STRICT_PROTOTYPES = YES;
				CLANG_WARN_SUSPICIOUS_MOVE = YES;
				CLANG_WARN_UNGUARDED_AVAILABILITY = YES_AGGRESSIVE;
				CLANG_WARN_UNREACHABLE_CODE = YES;
				CLANG_WARN__DUPLICATE_METHOD_MATCH = YES;
				CODE_SIGN_IDENTITY = "iPhone Developer";
				COPY_PHASE_STRIP = NO;
				DEBUG_INFORMATION_FORMAT = "dwarf-with-dsym";
				ENABLE_NS_ASSERTIONS = NO;
				ENABLE_STRICT_OBJC_MSGSEND = YES;
				GCC_C_LANGUAGE_STANDARD = gnu11;
				GCC_NO_COMMON_BLOCKS = YES;
				GCC_WARN_64_TO_32_BIT_CONVERSION = YES;
				GCC_WARN_ABOUT_RETURN_TYPE = YES_ERROR;
				GCC_WARN_UNDECLARED_SELECTOR = YES;
				GCC_WARN_UNINITIALIZED_AUTOS = YES_AGGRESSIVE;
				GCC_WARN_UNUSED_FUNCTION = YES;
				GCC_WARN_UNUSED_VARIABLE = YES;
				IPHONEOS_DEPLOYMENT_TARGET = 11.2;
				MTL_ENABLE_DEBUG_INFO = NO;
				SDKROOT = iphoneos;
				SWIFT_OPTIMIZATION_LEVEL = "-Owholemodule";
				VALIDATE_PRODUCT = YES;
			};
			name = Release;
		};
		EFC518D51FEFF24700167AA7 /* Debug */ = {
			isa = XCBuildConfiguration;
			buildSettings = {
				ASSETCATALOG_COMPILER_APPICON_NAME = AppIcon;
				CODE_SIGN_STYLE = Automatic;
				DEVELOPMENT_TEAM = K458NF4C2E;
				INFOPLIST_FILE = "Silly Song/Info.plist";
				LD_RUNPATH_SEARCH_PATHS = "$(inherited) @executable_path/Frameworks";
				PRODUCT_BUNDLE_IDENTIFIER = "PH.Silly-Song";
				PRODUCT_NAME = "$(TARGET_NAME)";
				SWIFT_VERSION = 4.0;
				TARGETED_DEVICE_FAMILY = "1,2";
			};
			name = Debug;
		};
		EFC518D61FEFF24700167AA7 /* Release */ = {
			isa = XCBuildConfiguration;
			buildSettings = {
				ASSETCATALOG_COMPILER_APPICON_NAME = AppIcon;
				CODE_SIGN_STYLE = Automatic;
				DEVELOPMENT_TEAM = K458NF4C2E;
				INFOPLIST_FILE = "Silly Song/Info.plist";
				LD_RUNPATH_SEARCH_PATHS = "$(inherited) @executable_path/Frameworks";
				PRODUCT_BUNDLE_IDENTIFIER = "PH.Silly-Song";
				PRODUCT_NAME = "$(TARGET_NAME)";
				SWIFT_VERSION = 4.0;
				TARGETED_DEVICE_FAMILY = "1,2";
			};
			name = Release;
		};
		EFC518D81FEFF24700167AA7 /* Debug */ = {
			isa = XCBuildConfiguration;
			buildSettings = {
				ALWAYS_EMBED_SWIFT_STANDARD_LIBRARIES = YES;
				BUNDLE_LOADER = "$(TEST_HOST)";
				CODE_SIGN_STYLE = Automatic;
				INFOPLIST_FILE = "Silly SongTests/Info.plist";
				LD_RUNPATH_SEARCH_PATHS = "$(inherited) @executable_path/Frameworks @loader_path/Frameworks";
				PRODUCT_BUNDLE_IDENTIFIER = "PH.Silly-SongTests";
				PRODUCT_NAME = "$(TARGET_NAME)";
				SWIFT_VERSION = 4.0;
				TARGETED_DEVICE_FAMILY = "1,2";
				TEST_HOST = "$(BUILT_PRODUCTS_DIR)/Silly Song.app/Silly Song";
			};
			name = Debug;
		};
		EFC518D91FEFF24700167AA7 /* Release */ = {
			isa = XCBuildConfiguration;
			buildSettings = {
				ALWAYS_EMBED_SWIFT_STANDARD_LIBRARIES = YES;
				BUNDLE_LOADER = "$(TEST_HOST)";
				CODE_SIGN_STYLE = Automatic;
				INFOPLIST_FILE = "Silly SongTests/Info.plist";
				LD_RUNPATH_SEARCH_PATHS = "$(inherited) @executable_path/Frameworks @loader_path/Frameworks";
				PRODUCT_BUNDLE_IDENTIFIER = "PH.Silly-SongTests";
				PRODUCT_NAME = "$(TARGET_NAME)";
				SWIFT_VERSION = 4.0;
				TARGETED_DEVICE_FAMILY = "1,2";
				TEST_HOST = "$(BUILT_PRODUCTS_DIR)/Silly Song.app/Silly Song";
			};
			name = Release;
		};
		EFC518DB1FEFF24700167AA7 /* Debug */ = {
			isa = XCBuildConfiguration;
			buildSettings = {
				ALWAYS_EMBED_SWIFT_STANDARD_LIBRARIES = YES;
				CODE_SIGN_STYLE = Automatic;
				INFOPLIST_FILE = "Silly SongUITests/Info.plist";
				LD_RUNPATH_SEARCH_PATHS = "$(inherited) @executable_path/Frameworks @loader_path/Frameworks";
				PRODUCT_BUNDLE_IDENTIFIER = "PH.Silly-SongUITests";
				PRODUCT_NAME = "$(TARGET_NAME)";
				SWIFT_VERSION = 4.0;
				TARGETED_DEVICE_FAMILY = "1,2";
				TEST_TARGET_NAME = "Silly Song";
			};
			name = Debug;
		};
		EFC518DC1FEFF24700167AA7 /* Release */ = {
			isa = XCBuildConfiguration;
			buildSettings = {
				ALWAYS_EMBED_SWIFT_STANDARD_LIBRARIES = YES;
				CODE_SIGN_STYLE = Automatic;
				INFOPLIST_FILE = "Silly SongUITests/Info.plist";
				LD_RUNPATH_SEARCH_PATHS = "$(inherited) @executable_path/Frameworks @loader_path/Frameworks";
				PRODUCT_BUNDLE_IDENTIFIER = "PH.Silly-SongUITests";
				PRODUCT_NAME = "$(TARGET_NAME)";
				SWIFT_VERSION = 4.0;
				TARGETED_DEVICE_FAMILY = "1,2";
				TEST_TARGET_NAME = "Silly Song";
			};
			name = Release;
		};
/* End XCBuildConfiguration section */

/* Begin XCConfigurationList section */
		EFC518A71FEFF24600167AA7 /* Build configuration list for PBXProject "Silly Song" */ = {
			isa = XCConfigurationList;
			buildConfigurations = (
				EFC518D21FEFF24700167AA7 /* Debug */,
				EFC518D31FEFF24700167AA7 /* Release */,
			);
			defaultConfigurationIsVisible = 0;
			defaultConfigurationName = Release;
		};
		EFC518D41FEFF24700167AA7 /* Build configuration list for PBXNativeTarget "Silly Song" */ = {
			isa = XCConfigurationList;
			buildConfigurations = (
				EFC518D51FEFF24700167AA7 /* Debug */,
				EFC518D61FEFF24700167AA7 /* Release */,
			);
			defaultConfigurationIsVisible = 0;
			defaultConfigurationName = Release;
		};
		EFC518D71FEFF24700167AA7 /* Build configuration list for PBXNativeTarget "Silly SongTests" */ = {
			isa = XCConfigurationList;
			buildConfigurations = (
				EFC518D81FEFF24700167AA7 /* Debug */,
				EFC518D91FEFF24700167AA7 /* Release */,
			);
			defaultConfigurationIsVisible = 0;
			defaultConfigurationName = Release;
		};
		EFC518DA1FEFF24700167AA7 /* Build configuration list for PBXNativeTarget "Silly SongUITests" */ = {
			isa = XCConfigurationList;
			buildConfigurations = (
				EFC518DB1FEFF24700167AA7 /* Debug */,
				EFC518DC1FEFF24700167AA7 /* Release */,
			);
			defaultConfigurationIsVisible = 0;
			defaultConfigurationName = Release;
		};
/* End XCConfigurationList section */
	};
	rootObject = EFC518A41FEFF24600167AA7 /* Project object */;
}
